
Microsoft Visual Studio Solution File, Format Version 12.00
# Visual Studio Version 17
VisualStudioVersion = 17.4.33205.214
MinimumVisualStudioVersion = 10.0.40219.1
Project("{9A19103F-16F7-4668-BE54-9A1E7A4F7556}") = "Base64EncoderApi", "Base64EncoderApi\Base64EncoderApi.csproj", "{C9DB6752-8D08-45D5-8786-4DDE3D8BC4E2}"
EndProject
Project("{FAE04EC0-301F-11D3-BF4B-00C04F79EFBC}") = "Base64EncoderApi.Tests", "Base64EncoderApi.Tests\Base64EncoderApi.Tests.csproj", "{866FD0B9-5D6B-40C4-8054-554E11356E51}"
EndProject
Global
	GlobalSection(SolutionConfigurationPlatforms) = preSolution
		Debug|Any CPU = Debug|Any CPU
		Release|Any CPU = Release|Any CPU
	EndGlobalSection
	GlobalSection(ProjectConfigurationPlatforms) = postSolution
		{C9DB6752-8D08-45D5-8786-4DDE3D8BC4E2}.Debug|Any CPU.ActiveCfg = Debug|Any CPU
		{C9DB6752-8D08-45D5-8786-4DDE3D8BC4E2}.Debug|Any CPU.Build.0 = Debug|Any CPU
		{C9DB6752-8D08-45D5-8786-4DDE3D8BC4E2}.Release|Any CPU.ActiveCfg = Release|Any CPU
		{C9DB6752-8D08-45D5-8786-4DDE3D8BC4E2}.Release|Any CPU.Build.0 = Release|Any CPU
		{866FD0B9-5D6B-40C4-8054-554E11356E51}.Debug|Any CPU.ActiveCfg = Debug|Any CPU
		{866FD0B9-5D6B-40C4-8054-554E11356E51}.Debug|Any CPU.Build.0 = Debug|Any CPU
		{866FD0B9-5D6B-40C4-8054-554E11356E51}.Release|Any CPU.ActiveCfg = Release|Any CPU
		{866FD0B9-5D6B-40C4-8054-554E11356E51}.Release|Any CPU.Build.0 = Release|Any CPU
	EndGlobalSection
	GlobalSection(SolutionProperties) = preSolution
		HideSolutionNode = FALSE
	EndGlobalSection
	GlobalSection(ExtensibilityGlobals) = postSolution
		SolutionGuid = {429778D4-DEE3-4EA0-995E-17A243B8E352}
	EndGlobalSection
EndGlobal
